Microsoft Visual Studio Solution File, Format Version 12.00
# Visual Studio Version 17
VisualStudioVersion = 17.5.2.0
MinimumVisualStudioVersion = 10.0.40219.1
Project("{FAE04EC0-301F-11D3-BF4B-00C04F79EFBC}") = "TestViewer", "TestViewer.csproj", "{92CAA9B7-EBE6-B3CD-55CA-3149E93F0F24}"
EndProject
Global
	GlobalSection(SolutionConfigurationPlatforms) = preSolution
		Debug|Any CPU = Debug|Any CPU
		Release|Any CPU = Release|Any CPU
	EndGlobalSection
	GlobalSection(ProjectConfigurationPlatforms) = postSolution
		{92CAA9B7-EBE6-B3CD-55CA-3149E93F0F24}.Debug|Any CPU.ActiveCfg = Debug|Any CPU
		{92CAA9B7-EBE6-B3CD-55CA-3149E93F0F24}.Debug|Any CPU.Build.0 = Debug|Any CPU
		{92CAA9B7-EBE6-B3CD-55CA-3149E93F0F24}.Release|Any CPU.ActiveCfg = Release|Any CPU
		{92CAA9B7-EBE6-B3CD-55CA-3149E93F0F24}.Release|Any CPU.Build.0 = Release|Any CPU
	EndGlobalSection
	GlobalSection(SolutionProperties) = preSolution
		HideSolutionNode = FALSE
	EndGlobalSection
	GlobalSection(ExtensibilityGlobals) = postSolution
		SolutionGuid = {6673BEE1-57D2-4E6C-BC9B-BA5C4D8DFEBD}
	EndGlobalSection
EndGlobal
